// !$*UTF8*$!
{
	archiveVersion = 1;
	classes = {
	};
	objectVersion = 56;
	objects = {

/* Begin PBXBuildFile section */
		4AF9C7DE29AB216400A30AB9 /* AppDelegate.swift in Sources */ = {isa = PBXBuildFile; fileRef = 4AF9C7DD29AB216400A30AB9 /* AppDelegate.swift */; };
		4AF9C7E029AB216400A30AB9 /* SceneDelegate.swift in Sources */ = {isa = PBXBuildFile; fileRef = 4AF9C7DF29AB216400A30AB9 /* SceneDelegate.swift */; };
		4AF9C7E229AB216400A30AB9 /* ViewController.swift in Sources */ = {isa = PBXBuildFile; fileRef = 4AF9C7E129AB216400A30AB9 /* ViewController.swift */; };
		4AF9C7E529AB216400A30AB9 /* Main.storyboard in Resources */ = {isa = PBXBuildFile; fileRef = 4AF9C7E329AB216400A30AB9 /* Main.storyboard */; };
		4AF9C7E729AB216500A30AB9 /* Assets.xcassets in Resources */ = {isa = PBXBuildFile; fileRef = 4AF9C7E629AB216500A30AB9 /* Assets.xcassets */; };
		4AF9C7EA29AB216500A30AB9 /* LaunchScreen.storyboard in Resources */ = {isa = PBXBuildFile; fileRef = 4AF9C7E829AB216500A30AB9 /* LaunchScreen.storyboard */; };
		4AF9C7F229AB21E500A30AB9 /* DimmedViewController.swift in Sources */ = {isa = PBXBuildFile; fileRef = 4AF9C7F129AB21E500A30AB9 /* DimmedViewController.swift */; };
		4AF9C7F529AB2EF800A30AB9 /* CustomPopupViewController.swift in Sources */ = {isa = PBXBuildFile; fileRef = 4AF9C7F429AB2EF800A30AB9 /* CustomPopupViewController.swift */; };
		CCC26AD6AD1F2A4D1B2BA9D7 /* Pods_ExCustomPopup.framework in Frameworks */ = {isa = PBXBuildFile; fileRef = B4229ECEEF631072A4E48BE5 /* Pods_ExCustomPopup.framework */; };
/* End PBXBuildFile section */

/* Begin PBXFileReference section */
		4AF9C7DA29AB216400A30AB9 /* ExCustomPopup.app */ = {isa = PBXFileReference; explicitFileType = wrapper.application; includeInIndex = 0; path = ExCustomPopup.app; sourceTree = BUILT_PRODUCTS_DIR; };
		4AF9C7DD29AB216400A30AB9 /* AppDelegate.swift */ = {isa = PBXFileReference; lastKnownFileType = sourcecode.swift; path = AppDelegate.swift; sourceTree = "<group>"; };
		4AF9C7DF29AB216400A30AB9 /* SceneDelegate.swift */ = {isa = PBXFileReference; lastKnownFileType = sourcecode.swift; path = SceneDelegate.swift; sourceTree = "<group>"; };
		4AF9C7E129AB216400A30AB9 /* ViewController.swift */ = {isa = PBXFileReference; lastKnownFileType = sourcecode.swift; path = ViewController.swift; sourceTree = "<group>"; };
		4AF9C7E429AB216400A30AB9 /* Base */ = {isa = PBXFileReference; lastKnownFileType = file.storyboard; name = Base; path = Base.lproj/Main.storyboard; sourceTree = "<group>"; };
		4AF9C7E629AB216500A30AB9 /* Assets.xcassets */ = {isa = PBXFileReference; lastKnownFileType = folder.assetcatalog; path = Assets.xcassets; sourceTree = "<group>"; };
		4AF9C7E929AB216500A30AB9 /* Base */ = {isa = PBXFileReference; lastKnownFileType = file.storyboard; name = Base; path = Base.lproj/LaunchScreen.storyboard; sourceTree = "<group>"; };
		4AF9C7EB29AB216500A30AB9 /* Info.plist */ = {isa = PBXFileReference; lastKnownFileType = text.plist.xml; path = Info.plist; sourceTree = "<group>"; };
		4AF9C7F129AB21E500A30AB9 /* DimmedViewController.swift */ = {isa = PBXFileReference; lastKnownFileType = sourcecode.swift; path = DimmedViewController.swift; sourceTree = "<group>"; };
		4AF9C7F429AB2EF800A30AB9 /* CustomPopupViewController.swift */ = {isa = PBXFileReference; lastKnownFileType = sourcecode.swift; path = CustomPopupViewController.swift; sourceTree = "<group>"; };
		6F7795542926D557DFFC46FD /* Pods-ExCustomPopup.release.xcconfig */ = {isa = PBXFileReference; includeInIndex = 1; lastKnownFileType = text.xcconfig; name = "Pods-ExCustomPopup.release.xcconfig"; path = "Target Support Files/Pods-ExCustomPopup/Pods-ExCustomPopup.release.xcconfig"; sourceTree = "<group>"; };
		B4229ECEEF631072A4E48BE5 /* Pods_ExCustomPopup.framework */ = {isa = PBXFileReference; explicitFileType = wrapper.framework; includeInIndex = 0; path = Pods_ExCustomPopup.framework; sourceTree = BUILT_PRODUCTS_DIR; };
		DAFFD4FDC827B2E06DC4684F /* Pods-ExCustomPopup.debug.xcconfig */ = {isa = PBXFileReference; includeInIndex = 1; lastKnownFileType = text.xcconfig; name = "Pods-ExCustomPopup.debug.xcconfig"; path = "Target Support Files/Pods-ExCustomPopup/Pods-ExCustomPopup.debug.xcconfig"; sourceTree = "<group>"; };
/* End PBXFileReference section */

/* Begin PBXFrameworksBuildPhase section */
		4AF9C7D729AB216400A30AB9 /* Frameworks */ = {
			isa = PBXFrameworksBuildPhase;
			buildActionMask = 2147483647;
			files = (
				CCC26AD6AD1F2A4D1B2BA9D7 /* Pods_ExCustomPopup.framework in Frameworks */,
			);
			runOnlyForDeploymentPostprocessing = 0;
		};
/* End PBXFrameworksBuildPhase section */

/* Begin PBXGroup section */
		15E351CDEC8FB9E907B8CFB0 /* Frameworks */ = {
			isa = PBXGroup;
			children = (
				B4229ECEEF631072A4E48BE5 /* Pods_ExCustomPopup.framework */,
			);
			name = Frameworks;
			sourceTree = "<group>";
		};
		4AF9C7D129AB216400A30AB9 = {
			isa = PBXGroup;
			children = (
				4AF9C7DC29AB216400A30AB9 /* ExCustomPopup */,
				4AF9C7DB29AB216400A30AB9 /* Products */,
				FD2D47FF36FCD19B1EDE7624 /* Pods */,
				15E351CDEC8FB9E907B8CFB0 /* Frameworks */,
			);
			sourceTree = "<group>";
		};
		4AF9C7DB29AB216400A30AB9 /* Products */ = {
			isa = PBXGroup;
			children = (
				4AF9C7DA29AB216400A30AB9 /* ExCustomPopup.app */,
			);
			name = Products;
			sourceTree = "<group>";
		};
		4AF9C7DC29AB216400A30AB9 /* ExCustomPopup */ = {
			isa = PBXGroup;
			children = (
				4AF9C7DD29AB216400A30AB9 /* AppDelegate.swift */,
				4AF9C7DF29AB216400A30AB9 /* SceneDelegate.swift */,
				4AF9C7E129AB216400A30AB9 /* ViewController.swift */,
				4AF9C7F129AB21E500A30AB9 /* DimmedViewController.swift */,
				4AF9C7F429AB2EF800A30AB9 /* CustomPopupViewController.swift */,
				4AF9C7E329AB216400A30AB9 /* Main.storyboard */,
				4AF9C7E629AB216500A30AB9 /* Assets.xcassets */,
				4AF9C7E829AB216500A30AB9 /* LaunchScreen.storyboard */,
				4AF9C7EB29AB216500A30AB9 /* Info.plist */,
			);
			path = ExCustomPopup;
			sourceTree = "<group>";
		};
		FD2D47FF36FCD19B1EDE7624 /* Pods */ = {
			isa = PBXGroup;
			children = (
				DAFFD4FDC827B2E06DC4684F /* Pods-ExCustomPopup.debug.xcconfig */,
				6F7795542926D557DFFC46FD /* Pods-ExCustomPopup.release.xcconfig */,
			);
			path = Pods;
			sourceTree = "<group>";
		};
/* End PBXGroup section */

/* Begin PBXNativeTarget section */
		4AF9C7D929AB216400A30AB9 /* ExCustomPopup */ = {
			isa = PBXNativeTarget;
			buildConfigurationList = 4AF9C7EE29AB216500A30AB9 /* Build configuration list for PBXNativeTarget "ExCustomPopup" */;
			buildPhases = (
				C70F1D3EEE28D817BE232F3A /* [CP] Check Pods Manifest.lock */,
				4AF9C7D629AB216400A30AB9 /* Sources */,
				4AF9C7D729AB216400A30AB9 /* Frameworks */,
				4AF9C7D829AB216400A30AB9 /* Resources */,
				4F8B25E8D57416CC3AF7B934 /* [CP] Embed Pods Frameworks */,
			);
			buildRules = (
			);
			dependencies = (
			);
			name = ExCustomPopup;
			productName = ExCustomPopup;
			productReference = 4AF9C7DA29AB216400A30AB9 /* ExCustomPopup.app */;
			productType = "com.apple.product-type.application";
		};
/* End PBXNativeTarget section */

/* Begin PBXProject section */
		4AF9C7D229AB216400A30AB9 /* Project object */ = {
			isa = PBXProject;
			attributes = {
				BuildIndependentTargetsInParallel = 1;
				LastSwiftUpdateCheck = 1420;
				LastUpgradeCheck = 1420;
				TargetAttributes = {
					4AF9C7D929AB216400A30AB9 = {
						CreatedOnToolsVersion = 14.2;
					};
				};
			};
			buildConfigurationList = 4AF9C7D529AB216400A30AB9 /* Build configuration list for PBXProject "ExCustomPopup" */;
			compatibilityVersion = "Xcode 14.0";
			developmentRegion = en;
			hasScannedForEncodings = 0;
			knownRegions = (
				en,
				Base,
			);
			mainGroup = 4AF9C7D129AB216400A30AB9;
			productRefGroup = 4AF9C7DB29AB216400A30AB9 /* Products */;
			projectDirPath = "";
			projectRoot = "";
			targets = (
				4AF9C7D929AB216400A30AB9 /* ExCustomPopup */,
			);
		};
/* End PBXProject section */

/* Begin PBXResourcesBuildPhase section */
		4AF9C7D829AB216400A30AB9 /* Resources */ = {
			isa = PBXResourcesBuildPhase;
			buildActionMask = 2147483647;
			files = (
				4AF9C7EA29AB216500A30AB9 /* LaunchScreen.storyboard in Resources */,
				4AF9C7E729AB216500A30AB9 /* Assets.xcassets in Resources */,
				4AF9C7E529AB216400A30AB9 /* Main.storyboard in Resources */,
			);
			runOnlyForDeploymentPostprocessing = 0;
		};
/* End PBXResourcesBuildPhase section */

/* Begin PBXShellScriptBuildPhase section */
		4F8B25E8D57416CC3AF7B934 /* [CP] Embed Pods Frameworks */ = {
			isa = PBXShellScriptBuildPhase;
			buildActionMask = 2147483647;
			files = (
			);
			inputFileListPaths = (
				"${PODS_ROOT}/Target Support Files/Pods-ExCustomPopup/Pods-ExCustomPopup-frameworks-${CONFIGURATION}-input-files.xcfilelist",
			);
			name = "[CP] Embed Pods Frameworks";
			outputFileListPaths = (
				"${PODS_ROOT}/Target Support Files/Pods-ExCustomPopup/Pods-ExCustomPopup-frameworks-${CONFIGURATION}-output-files.xcfilelist",
			);
			runOnlyForDeploymentPostprocessing = 0;
			shellPath = /bin/sh;
			shellScript = "\"${PODS_ROOT}/Target Support Files/Pods-ExCustomPopup/Pods-ExCustomPopup-frameworks.sh\"\n";
			showEnvVarsInLog = 0;
		};
		C70F1D3EEE28D817BE232F3A /* [CP] Check Pods Manifest.lock */ = {
			isa = PBXShellScriptBuildPhase;
			buildActionMask = 2147483647;
			files = (
			);
			inputFileListPaths = (
			);
			inputPaths = (
				"${PODS_PODFILE_DIR_PATH}/Podfile.lock",
				"${PODS_ROOT}/Manifest.lock",
			);
			name = "[CP] Check Pods Manifest.lock";
			outputFileListPaths = (
			);
			outputPaths = (
				"$(DERIVED_FILE_DIR)/Pods-ExCustomPopup-checkManifestLockResult.txt",
			);
			runOnlyForDeploymentPostprocessing = 0;
			shellPath = /bin/sh;
			shellScript = "diff \"${PODS_PODFILE_DIR_PATH}/Podfile.lock\" \"${PODS_ROOT}/Manifest.lock\" > /dev/null\nif [ $? != 0 ] ; then\n    # print error to STDERR\n    echo \"error: The sandbox is not in sync with the Podfile.lock. Run 'pod install' or update your CocoaPods installation.\" >&2\n    exit 1\nfi\n# This output is used by Xcode 'outputs' to avoid re-running this script phase.\necho \"SUCCESS\" > \"${SCRIPT_OUTPUT_FILE_0}\"\n";
			showEnvVarsInLog = 0;
		};
/* End PBXShellScriptBuildPhase section */

/* Begin PBXSourcesBuildPhase section */
		4AF9C7D629AB216400A30AB9 /* Sources */ = {
			isa = PBXSourcesBuildPhase;
			buildActionMask = 2147483647;
			files = (
				4AF9C7E229AB216400A30AB9 /* ViewController.swift in Sources */,
				4AF9C7F229AB21E500A30AB9 /* DimmedViewController.swift in Sources */,
				4AF9C7F529AB2EF800A30AB9 /* CustomPopupViewController.swift in Sources */,
				4AF9C7DE29AB216400A30AB9 /* AppDelegate.swift in Sources */,
				4AF9C7E029AB216400A30AB9 /* SceneDelegate.swift in Sources */,
			);
			runOnlyForDeploymentPostprocessing = 0;
		};
/* End PBXSourcesBuildPhase section */

/* Begin PBXVariantGroup section */
		4AF9C7E329AB216400A30AB9 /* Main.storyboard */ = {
			isa = PBXVariantGroup;
			children = (
				4AF9C7E429AB216400A30AB9 /* Base */,
			);
			name = Main.storyboard;
			sourceTree = "<group>";
		};
		4AF9C7E829AB216500A30AB9 /* LaunchScreen.storyboard */ = {
			isa = PBXVariantGroup;
			children = (
				4AF9C7E929AB216500A30AB9 /* Base */,
			);
			name = LaunchScreen.storyboard;
			sourceTree = "<group>";
		};
/* End PBXVariantGroup section */

/* Begin XCBuildConfiguration section */
		4AF9C7EC29AB216500A30AB9 /* Debug */ = {
			isa = XCBuildConfiguration;
			buildSettings = {
				ALWAYS_SEARCH_USER_PATHS = NO;
				CLANG_ANALYZER_NONNULL = YES;
				CLANG_ANALYZER_NUMBER_OBJECT_CONVERSION = YES_AGGRESSIVE;
				CLANG_CXX_LANGUAGE_STANDARD = "gnu++20";
				CLANG_ENABLE_MODULES = YES;
				CLANG_ENABLE_OBJC_ARC = YES;
				CLANG_ENABLE_OBJC_WEAK = YES;
				CLANG_WARN_BLOCK_CAPTURE_AUTORELEASING = YES;
				CLANG_WARN_BOOL_CONVERSION = YES;
				CLANG_WARN_COMMA = YES;
				CLANG_WARN_CONSTANT_CONVERSION = YES;
				CLANG_WARN_DEPRECATED_OBJC_IMPLEMENTATIONS = YES;
				CLANG_WARN_DIRECT_OBJC_ISA_USAGE = YES_ERROR;
				CLANG_WARN_DOCUMENTATION_COMMENTS = YES;
				CLANG_WARN_EMPTY_BODY = YES;
				CLANG_WARN_ENUM_CONVERSION = YES;
				CLANG_WARN_INFINITE_RECURSION = YES;
				CLANG_WARN_INT_CONVERSION = YES;
				CLANG_WARN_NON_LITERAL_NULL_CONVERSION = YES;
				CLANG_WARN_OBJC_IMPLICIT_RETAIN_SELF = YES;
				CLANG_WARN_OBJC_LITERAL_CONVERSION = YES;
				CLANG_WARN_OBJC_ROOT_CLASS = YES_ERROR;
				CLANG_WARN_QUOTED_INCLUDE_IN_FRAMEWORK_HEADER = YES;
				CLANG_WARN_RANGE_LOOP_ANALYSIS = YES;
				CLANG_WARN_STRICT_PROTOTYPES = YES;
				CLANG_WARN_SUSPICIOUS_MOVE = YES;
				CLANG_WARN_UNGUARDED_AVAILABILITY = YES_AGGRESSIVE;
				CLANG_WARN_UNREACHABLE_CODE = YES;
				CLANG_WARN__DUPLICATE_METHOD_MATCH = YES;
				COPY_PHASE_STRIP = NO;
				DEBUG_INFORMATION_FORMAT = dwarf;
				ENABLE_STRICT_OBJC_MSGSEND = YES;
				ENABLE_TESTABILITY = YES;
				GCC_C_LANGUAGE_STANDARD = gnu11;
				GCC_DYNAMIC_NO_PIC = NO;
				GCC_NO_COMMON_BLOCKS = YES;
				GCC_OPTIMIZATION_LEVEL = 0;
				GCC_PREPROCESSOR_DEFINITIONS = (
					"DEBUG=1",
					"$(inherited)",
				);
				GCC_WARN_64_TO_32_BIT_CONVERSION = YES;
				GCC_WARN_ABOUT_RETURN_TYPE = YES_ERROR;
				GCC_WARN_UNDECLARED_SELECTOR = YES;
				GCC_WARN_UNINITIALIZED_AUTOS = YES_AGGRESSIVE;
				GCC_WARN_UNUSED_FUNCTION = YES;
				GCC_WARN_UNUSED_VARIABLE = YES;
				IPHONEOS_DEPLOYMENT_TARGET = 16.2;
				MTL_ENABLE_DEBUG_INFO = INCLUDE_SOURCE;
				MTL_FAST_MATH = YES;
				ONLY_ACTIVE_ARCH = YES;
				SDKROOT = iphoneos;
				SWIFT_ACTIVE_COMPILATION_CONDITIONS = DEBUG;
				SWIFT_OPTIMIZATION_LEVEL = "-Onone";
			};
			name = Debug;
		};
		4AF9C7ED29AB216500A30AB9 /* Release */ = {
			isa = XCBuildConfiguration;
			buildSettings = {
				ALWAYS_SEARCH_USER_PATHS = NO;
				CLANG_ANALYZER_NONNULL = YES;
				CLANG_ANALYZER_NUMBER_OBJECT_CONVERSION = YES_AGGRESSIVE;
				CLANG_CXX_LANGUAGE_STANDARD = "gnu++20";
				CLANG_ENABLE_MODULES = YES;
				CLANG_ENABLE_OBJC_ARC = YES;
				CLANG_ENABLE_OBJC_WEAK = YES;
				CLANG_WARN_BLOCK_CAPTURE_AUTORELEASING = YES;
				CLANG_WARN_BOOL_CONVERSION = YES;
				CLANG_WARN_COMMA = YES;
				CLANG_WARN_CONSTANT_CONVERSION = YES;
				CLANG_WARN_DEPRECATED_OBJC_IMPLEMENTATIONS = YES;
				CLANG_WARN_DIRECT_OBJC_ISA_USAGE = YES_ERROR;
				CLANG_WARN_DOCUMENTATION_COMMENTS = YES;
				CLANG_WARN_EMPTY_BODY = YES;
				CLANG_WARN_ENUM_CONVERSION = YES;
				CLANG_WARN_INFINITE_RECURSION = YES;
				CLANG_WARN_INT_CONVERSION = YES;
				CLANG_WARN_NON_LITERAL_NULL_CONVERSION = YES;
				CLANG_WARN_OBJC_IMPLICIT_RETAIN_SELF = YES;
				CLANG_WARN_OBJC_LITERAL_CONVERSION = YES;
				CLANG_WARN_OBJC_ROOT_CLASS = YES_ERROR;
				CLANG_WARN_QUOTED_INCLUDE_IN_FRAMEWORK_HEADER = YES;
				CLANG_WARN_RANGE_LOOP_ANALYSIS = YES;
				CLANG_WARN_STRICT_PROTOTYPES = YES;
				CLANG_WARN_SUSPICIOUS_MOVE = YES;
				CLANG_WARN_UNGUARDED_AVAILABILITY = YES_AGGRESSIVE;
				CLANG_WARN_UNREACHABLE_CODE = YES;
				CLANG_WARN__DUPLICATE_METHOD_MATCH = YES;
				COPY_PHASE_STRIP = NO;
				DEBUG_INFORMATION_FORMAT = "dwarf-with-dsym";
				ENABLE_NS_ASSERTIONS = NO;
				ENABLE_STRICT_OBJC_MSGSEND = YES;
				GCC_C_LANGUAGE_STANDARD = gnu11;
				GCC_NO_COMMON_BLOCKS = YES;
				GCC_WARN_64_TO_32_BIT_CONVERSION = YES;
				GCC_WARN_ABOUT_RETURN_TYPE = YES_ERROR;
				GCC_WARN_UNDECLARED_SELECTOR = YES;
				GCC_WARN_UNINITIALIZED_AUTOS = YES_AGGRESSIVE;
				GCC_WARN_UNUSED_FUNCTION = YES;
				GCC_WARN_UNUSED_VARIABLE = YES;
				IPHONEOS_DEPLOYMENT_TARGET = 16.2;
				MTL_ENABLE_DEBUG_INFO = NO;
				MTL_FAST_MATH = YES;
				SDKROOT = iphoneos;
				SWIFT_COMPILATION_MODE = wholemodule;
				SWIFT_OPTIMIZATION_LEVEL = "-O";
				VALIDATE_PRODUCT = YES;
			};
			name = Release;
		};
		4AF9C7EF29AB216500A30AB9 /* Debug */ = {
			isa = XCBuildConfiguration;
			baseConfigurationReference = DAFFD4FDC827B2E06DC4684F /* Pods-ExCustomPopup.debug.xcconfig */;
			buildSettings = {
				ASSETCATALOG_COMPILER_APPICON_NAME = AppIcon;
				ASSETCATALOG_COMPILER_GLOBAL_ACCENT_COLOR_NAME = AccentColor;
				CODE_SIGN_STYLE = Automatic;
				CURRENT_PROJECT_VERSION = 1;
				DEVELOPMENT_TEAM = SS7U83UJNK;
				GENERATE_INFOPLIST_FILE = YES;
				INFOPLIST_FILE = ExCustomPopup/Info.plist;
				INFOPLIST_KEY_UIApplicationSupportsIndirectInputEvents = YES;
				INFOPLIST_KEY_UILaunchStoryboardName = LaunchScreen;
				INFOPLIST_KEY_UIMainStoryboardFile = Main;
				INFOPLIST_KEY_UISupportedInterfaceOrientations_iPad = "UIInterfaceOrientationPortrait UIInterfaceOrientationPortraitUpsideDown UIInterfaceOrientationLandscapeLeft UIInterfaceOrientationLandscapeRight";
				INFOPLIST_KEY_UISupportedInterfaceOrientations_iPhone = "UIInterfaceOrientationPortrait UIInterfaceOrientationLandscapeLeft UIInterfaceOrientationLandscapeRight";
				LD_RUNPATH_SEARCH_PATHS = (
					"$(inherited)",
					"@executable_path/Frameworks",
				);
				MARKETING_VERSION = 1.0;
				PRODUCT_BUNDLE_IDENTIFIER = com.jake.ExCustomPopup;
				PRODUCT_NAME = "$(TARGET_NAME)";
				SWIFT_EMIT_LOC_STRINGS = YES;
				SWIFT_VERSION = 5.0;
				TARGETED_DEVICE_FAMILY = "1,2";
			};
			name = Debug;
		};
		4AF9C7F029AB216500A30AB9 /* Release */ = {
			isa = XCBuildConfiguration;
			baseConfigurationReference = 6F7795542926D557DFFC46FD /* Pods-ExCustomPopup.release.xcconfig */;
			buildSettings = {
				ASSETCATALOG_COMPILER_APPICON_NAME = AppIcon;
				ASSETCATALOG_COMPILER_GLOBAL_ACCENT_COLOR_NAME = AccentColor;
				CODE_SIGN_STYLE = Automatic;
				CURRENT_PROJECT_VERSION = 1;
				DEVELOPMENT_TEAM = SS7U83UJNK;
				GENERATE_INFOPLIST_FILE = YES;
				INFOPLIST_FILE = ExCustomPopup/Info.plist;
				INFOPLIST_KEY_UIApplicationSupportsIndirectInputEvents = YES;
				INFOPLIST_KEY_UILaunchStoryboardName = LaunchScreen;
				INFOPLIST_KEY_UIMainStoryboardFile = Main;
				INFOPLIST_KEY_UISupportedInterfaceOrientations_iPad = "UIInterfaceOrientationPortrait UIInterfaceOrientationPortraitUpsideDown UIInterfaceOrientationLandscapeLeft UIInterfaceOrientationLandscapeRight";
				INFOPLIST_KEY_UISupportedInterfaceOrientations_iPhone = "UIInterfaceOrientationPortrait UIInterfaceOrientationLandscapeLeft UIInterfaceOrientationLandscapeRight";
				LD_RUNPATH_SEARCH_PATHS = (
					"$(inherited)",
					"@executable_path/Frameworks",
				);
				MARKETING_VERSION = 1.0;
				PRODUCT_BUNDLE_IDENTIFIER = com.jake.ExCustomPopup;
				PRODUCT_NAME = "$(TARGET_NAME)";
				SWIFT_EMIT_LOC_STRINGS = YES;
				SWIFT_VERSION = 5.0;
				TARGETED_DEVICE_FAMILY = "1,2";
			};
			name = Release;
		};
/* End XCBuildConfiguration section */

/* Begin XCConfigurationList section */
		4AF9C7D529AB216400A30AB9 /* Build configuration list for PBXProject "ExCustomPopup" */ = {
			isa = XCConfigurationList;
			buildConfigurations = (
				4AF9C7EC29AB216500A30AB9 /* Debug */,
				4AF9C7ED29AB216500A30AB9 /* Release */,
			);
			defaultConfigurationIsVisible = 0;
			defaultConfigurationName = Release;
		};
		4AF9C7EE29AB216500A30AB9 /* Build configuration list for PBXNativeTarget "ExCustomPopup" */ = {
			isa = XCConfigurationList;
			buildConfigurations = (
				4AF9C7EF29AB216500A30AB9 /* Debug */,
				4AF9C7F029AB216500A30AB9 /* Release */,
			);
			defaultConfigurationIsVisible = 0;
			defaultConfigurationName = Release;
		};
/* End XCConfigurationList section */
	};
	rootObject = 4AF9C7D229AB216400A30AB9 /* Project object */;
}
